
Microsoft Visual Studio Solution File, Format Version 12.00
# Visual Studio 15
VisualStudioVersion = 15.0.27428.2037
MinimumVisualStudioVersion = 10.0.40219.1
Project("{FAE04EC0-301F-11D3-BF4B-00C04F79EFBC}") = "StopWatch", "OOP in C Sharp\StopWatch.csproj", "{4C7CC9DD-BA63-489C-8158-304DFAC589BE}"
EndProject
Project("{FAE04EC0-301F-11D3-BF4B-00C04F79EFBC}") = "StackOverFlow Post", "StackOverFlow Post\StackOverFlow Post.csproj", "{B85B6EAA-B945-49EB-98A1-86A3DF318979}"
EndProject
Project("{FAE04EC0-301F-11D3-BF4B-00C04F79EFBC}") = "Stack_DataStruct", "Stack_DataStruct\Stack_DataStruct.csproj", "{F6BECAC2-D586-4430-A967-EF2F11E70100}"
EndProject
Project("{FAE04EC0-301F-11D3-BF4B-00C04F79EFBC}") = "Database Connection", "Database Connection\Database Connection.csproj", "{DF4B714E-CCD5-4ADB-9AC5-1627F6C2EB93}"
EndProject
Project("{FAE04EC0-301F-11D3-BF4B-00C04F79EFBC}") = "WorkFlow Engine", "WorkFlow Engine\WorkFlow Engine.csproj", "{2174A7FC-2066-4AC2-BAC7-BF44EC6543C5}"
EndProject
Global
	GlobalSection(SolutionConfigurationPlatforms) = preSolution
		Debug|Any CPU = Debug|Any CPU
		Release|Any CPU = Release|Any CPU
	EndGlobalSection
	GlobalSection(ProjectConfigurationPlatforms) = postSolution
		{4C7CC9DD-BA63-489C-8158-304DFAC589BE}.Debug|Any CPU.ActiveCfg = Debug|Any CPU
		{4C7CC9DD-BA63-489C-8158-304DFAC589BE}.Debug|Any CPU.Build.0 = Debug|Any CPU
		{4C7CC9DD-BA63-489C-8158-304DFAC589BE}.Release|Any CPU.ActiveCfg = Release|Any CPU
		{4C7CC9DD-BA63-489C-8158-304DFAC589BE}.Release|Any CPU.Build.0 = Release|Any CPU
		{B85B6EAA-B945-49EB-98A1-86A3DF318979}.Debug|Any CPU.ActiveCfg = Debug|Any CPU
		{B85B6EAA-B945-49EB-98A1-86A3DF318979}.Debug|Any CPU.Build.0 = Debug|Any CPU
		{B85B6EAA-B945-49EB-98A1-86A3DF318979}.Release|Any CPU.ActiveCfg = Release|Any CPU
		{B85B6EAA-B945-49EB-98A1-86A3DF318979}.Release|Any CPU.Build.0 = Release|Any CPU
		{F6BECAC2-D586-4430-A967-EF2F11E70100}.Debug|Any CPU.ActiveCfg = Debug|Any CPU
		{F6BECAC2-D586-4430-A967-EF2F11E70100}.Debug|Any CPU.Build.0 = Debug|Any CPU
		{F6BECAC2-D586-4430-A967-EF2F11E70100}.Release|Any CPU.ActiveCfg = Release|Any CPU
		{F6BECAC2-D586-4430-A967-EF2F11E70100}.Release|Any CPU.Build.0 = Release|Any CPU
		{DF4B714E-CCD5-4ADB-9AC5-1627F6C2EB93}.Debug|Any CPU.ActiveCfg = Debug|Any CPU
		{DF4B714E-CCD5-4ADB-9AC5-1627F6C2EB93}.Debug|Any CPU.Build.0 = Debug|Any CPU
		{DF4B714E-CCD5-4ADB-9AC5-1627F6C2EB93}.Release|Any CPU.ActiveCfg = Release|Any CPU
		{DF4B714E-CCD5-4ADB-9AC5-1627F6C2EB93}.Release|Any CPU.Build.0 = Release|Any CPU
		{2174A7FC-2066-4AC2-BAC7-BF44EC6543C5}.Debug|Any CPU.ActiveCfg = Debug|Any CPU
		{2174A7FC-2066-4AC2-BAC7-BF44EC6543C5}.Debug|Any CPU.Build.0 = Debug|Any CPU
		{2174A7FC-2066-4AC2-BAC7-BF44EC6543C5}.Release|Any CPU.ActiveCfg = Release|Any CPU
		{2174A7FC-2066-4AC2-BAC7-BF44EC6543C5}.Release|Any CPU.Build.0 = Release|Any CPU
	EndGlobalSection
	GlobalSection(SolutionProperties) = preSolution
		HideSolutionNode = FALSE
	EndGlobalSection
	GlobalSection(ExtensibilityGlobals) = postSolution
		SolutionGuid = {353700C6-C337-41F4-A80F-64A8277B43FF}
	EndGlobalSection
EndGlobal
